
Microsoft Visual Studio Solution File, Format Version 12.00
# Visual Studio Version 16
VisualStudioVersion = 25.0.1703.1
MinimumVisualStudioVersion = 10.0.40219.1
Project("{FAE04EC0-301F-11D3-BF4B-00C04F79EFBC}") = "MethodOverloading", "MethodOverloading\MethodOverloading.csproj", "{FB3A6CD0-5A18-4C1D-9BE5-4120DCF1ADCA}"
EndProject
Global
	GlobalSection(SolutionConfigurationPlatforms) = preSolution
		Debug|Any CPU = Debug|Any CPU
		Release|Any CPU = Release|Any CPU
	EndGlobalSection
	GlobalSection(ProjectConfigurationPlatforms) = postSolution
		{FB3A6CD0-5A18-4C1D-9BE5-4120DCF1ADCA}.Debug|Any CPU.ActiveCfg = Debug|Any CPU
		{FB3A6CD0-5A18-4C1D-9BE5-4120DCF1ADCA}.Debug|Any CPU.Build.0 = Debug|Any CPU
		{FB3A6CD0-5A18-4C1D-9BE5-4120DCF1ADCA}.Release|Any CPU.ActiveCfg = Release|Any CPU
		{FB3A6CD0-5A18-4C1D-9BE5-4120DCF1ADCA}.Release|Any CPU.Build.0 = Release|Any CPU
	EndGlobalSection
	GlobalSection(SolutionProperties) = preSolution
		HideSolutionNode = FALSE
	EndGlobalSection
	GlobalSection(ExtensibilityGlobals) = postSolution
		SolutionGuid = {B521A24F-6FF4-475D-A9FF-39969E8E94C5}
	EndGlobalSection
EndGlobal
